
Microsoft Visual Studio Solution File, Format Version 12.00
# Visual Studio Version 16
VisualStudioVersion = 16.0.31005.135
MinimumVisualStudioVersion = 10.0.40219.1
Project("{FAE04EC0-301F-11D3-BF4B-00C04F79EFBC}") = "InterfaceDemo", "InterfaceDemo.csproj", "{08B65065-0FB7-4A80-BB7D-888E6333105A}"
EndProject
Global
	GlobalSection(SolutionConfigurationPlatforms) = preSolution
		Debug|Any CPU = Debug|Any CPU
		Release|Any CPU = Release|Any CPU
	EndGlobalSection
	GlobalSection(ProjectConfigurationPlatforms) = postSolution
		{08B65065-0FB7-4A80-BB7D-888E6333105A}.Debug|Any CPU.ActiveCfg = Debug|Any CPU
		{08B65065-0FB7-4A80-BB7D-888E6333105A}.Debug|Any CPU.Build.0 = Debug|Any CPU
		{08B65065-0FB7-4A80-BB7D-888E6333105A}.Release|Any CPU.ActiveCfg = Release|Any CPU
		{08B65065-0FB7-4A80-BB7D-888E6333105A}.Release|Any CPU.Build.0 = Release|Any CPU
	EndGlobalSection
	GlobalSection(SolutionProperties) = preSolution
		HideSolutionNode = FALSE
	EndGlobalSection
	GlobalSection(ExtensibilityGlobals) = postSolution
		SolutionGuid = {F16D6DCF-FA38-45B1-B7ED-FD7649BBC576}
	EndGlobalSection
EndGlobal
